<Solution>
  <Folder Name="/src/" />
  <Folder Name="/src/Bootstrap/">
    <Project Path="src/Bootstrap/Sextante.Host/Sextante.Host.csproj" />
  </Folder>
  <Folder Name="/src/BuildingBlocks/">
    <Project Path="src/BuildingBlocks/SharedKernel/Sextante.SharedKernel.csproj" />
    <Project Path="src/BuildingBlocks/Messaging/Sextante.Messaging.csproj" />
  </Folder>
  <Folder Name="/src/Modules/Identity/">
    <Project Path="src/Modules/Identity/Sextante.Modules.Identity.Domain/Sextante.Modules.Identity.Domain.csproj" />
    <Project Path="src/Modules/Identity/Sextante.Modules.Identity.Application/Sextante.Modules.Identity.Application.csproj" />
    <Project Path="src/Modules/Identity/Sextante.Modules.Identity.Infrastructure/Sextante.Modules.Identity.Infrastructure.csproj" />
    <Project Path="src/Modules/Identity/Sextante.Modules.Identity.Api/Sextante.Modules.Identity.Api.csproj" />
    <Project Path="src/Modules/Identity/Sextante.Modules.Identity.PublicApi/Sextante.Modules.Identity.PublicApi.csproj" />
  </Folder>
  <Folder Name="/src/Modules/Financial/">
    <Project Path="src/Modules/Financial/Sextante.Modules.Financial.Domain/Sextante.Modules.Financial.Domain.csproj" />
    <Project Path="src/Modules/Financial/Sextante.Modules.Financial.Application/Sextante.Modules.Financial.Application.csproj" />
    <Project Path="src/Modules/Financial/Sextante.Modules.Financial.Infrastructure/Sextante.Modules.Financial.Infrastructure.csproj" />
    <Project Path="src/Modules/Financial/Sextante.Modules.Financial.Api/Sextante.Modules.Financial.Api.csproj" />
    <Project Path="src/Modules/Financial/Sextante.Modules.Financial.PublicApi/Sextante.Modules.Financial.PublicApi.csproj" />
  </Folder>
  <Folder Name="/tests/">
    <Project Path="tests/Sextante.ArchitectureTests/Sextante.ArchitectureTests.csproj" />
    <Project Path="tests/Sextante.IntegrationTests/Sextante.IntegrationTests.csproj" />
    <Project Path="tests/Modules/Financial.Domain.Tests/Sextante.Modules.Financial.Domain.Tests.csproj" />
    <Project Path="tests/Modules/Financial.Application.Tests/Sextante.Modules.Financial.Application.Tests.csproj" />
    <Project Path="tests/Modules/Identity.Application.Tests/Sextante.Modules.Identity.Application.Tests.csproj" />
  </Folder>
</Solution>
